
Microsoft Visual Studio Solution File, Format Version 12.00
Project("{FAE04EC0-301F-11D3-BF4B-00C04F79EFBC}") = "EliteEvents.Web", "EliteEvents.Web\EliteEvents.Web.csproj", "{5277C958-19D7-4991-97E0-E8FD3BE9318D}"
EndProject
Project("{FAE04EC0-301F-11D3-BF4B-00C04F79EFBC}") = "EliteEvents.Eddn", "EliteEvents.Eddn\EliteEvents.Eddn.csproj", "{021A7302-7D01-45D4-8F46-252D5FD0000B}"
EndProject
Project("{FAE04EC0-301F-11D3-BF4B-00C04F79EFBC}") = "EliteEvents.Visitors", "EliteEvents.Visitors\EliteEvents.Visitors.csproj", "{32906463-F601-48AF-8B7E-C14393A82085}"
EndProject
Global
	GlobalSection(SolutionConfigurationPlatforms) = preSolution
		Debug|Any CPU = Debug|Any CPU
		Release|Any CPU = Release|Any CPU
	EndGlobalSection
	GlobalSection(ProjectConfigurationPlatforms) = postSolution
		{5277C958-19D7-4991-97E0-E8FD3BE9318D}.Debug|Any CPU.ActiveCfg = Debug|Any CPU
		{5277C958-19D7-4991-97E0-E8FD3BE9318D}.Debug|Any CPU.Build.0 = Debug|Any CPU
		{5277C958-19D7-4991-97E0-E8FD3BE9318D}.Release|Any CPU.ActiveCfg = Release|Any CPU
		{5277C958-19D7-4991-97E0-E8FD3BE9318D}.Release|Any CPU.Build.0 = Release|Any CPU
		{021A7302-7D01-45D4-8F46-252D5FD0000B}.Debug|Any CPU.ActiveCfg = Debug|Any CPU
		{021A7302-7D01-45D4-8F46-252D5FD0000B}.Debug|Any CPU.Build.0 = Debug|Any CPU
		{021A7302-7D01-45D4-8F46-252D5FD0000B}.Release|Any CPU.ActiveCfg = Release|Any CPU
		{021A7302-7D01-45D4-8F46-252D5FD0000B}.Release|Any CPU.Build.0 = Release|Any CPU
		{32906463-F601-48AF-8B7E-C14393A82085}.Debug|Any CPU.ActiveCfg = Debug|Any CPU
		{32906463-F601-48AF-8B7E-C14393A82085}.Debug|Any CPU.Build.0 = Debug|Any CPU
		{32906463-F601-48AF-8B7E-C14393A82085}.Release|Any CPU.ActiveCfg = Release|Any CPU
		{32906463-F601-48AF-8B7E-C14393A82085}.Release|Any CPU.Build.0 = Release|Any CPU
	EndGlobalSection
EndGlobal
